
Microsoft Visual Studio Solution File, Format Version 12.00
# Visual Studio Version 16
VisualStudioVersion = 16.0.30114.105
MinimumVisualStudioVersion = 10.0.40219.1
Project("{FAE04EC0-301F-11D3-BF4B-00C04F79EFBC}") = "BackupStatus.WebUI", "BackupStatus.WebUI\BackupStatus.WebUI.csproj", "{3DD001FC-F79B-4493-95A5-83F5FA83F87B}"
EndProject
Project("{FAE04EC0-301F-11D3-BF4B-00C04F79EFBC}") = "BackupStatus.WebUI.Tests", "BackupStatus.WebUI.Tests\BackupStatus.WebUI.Tests.csproj", "{DC050D7D-B7A4-4FCC-8CC1-DBF2AB65DA8F}"
EndProject
Project("{FAE04EC0-301F-11D3-BF4B-00C04F79EFBC}") = "BackupStatus.Client", "BackupStatus.Client\BackupStatus.Client.csproj", "{429B3793-BF02-4742-8FE7-6EC898F23FDA}"
EndProject
Project("{FAE04EC0-301F-11D3-BF4B-00C04F79EFBC}") = "BackupStatus.Models", "BackupStatus.Models\BackupStatus.Models.csproj", "{34CE3C61-03AB-4005-A796-8065E54007B3}"
EndProject
Project("{FAE04EC0-301F-11D3-BF4B-00C04F79EFBC}") = "BackupStatus.WebAPI", "BackupStatus.WebAPI\BackupStatus.WebAPI.csproj", "{2C125C3B-C130-40E0-A5FE-7FF1FA068995}"
EndProject
Global
	GlobalSection(SolutionConfigurationPlatforms) = preSolution
		Debug|Any CPU = Debug|Any CPU
		Release|Any CPU = Release|Any CPU
	EndGlobalSection
	GlobalSection(ProjectConfigurationPlatforms) = postSolution
		{3DD001FC-F79B-4493-95A5-83F5FA83F87B}.Debug|Any CPU.ActiveCfg = Debug|Any CPU
		{3DD001FC-F79B-4493-95A5-83F5FA83F87B}.Debug|Any CPU.Build.0 = Debug|Any CPU
		{3DD001FC-F79B-4493-95A5-83F5FA83F87B}.Release|Any CPU.ActiveCfg = Release|Any CPU
		{3DD001FC-F79B-4493-95A5-83F5FA83F87B}.Release|Any CPU.Build.0 = Release|Any CPU
		{DC050D7D-B7A4-4FCC-8CC1-DBF2AB65DA8F}.Debug|Any CPU.ActiveCfg = Debug|Any CPU
		{DC050D7D-B7A4-4FCC-8CC1-DBF2AB65DA8F}.Debug|Any CPU.Build.0 = Debug|Any CPU
		{DC050D7D-B7A4-4FCC-8CC1-DBF2AB65DA8F}.Release|Any CPU.ActiveCfg = Release|Any CPU
		{DC050D7D-B7A4-4FCC-8CC1-DBF2AB65DA8F}.Release|Any CPU.Build.0 = Release|Any CPU
		{429B3793-BF02-4742-8FE7-6EC898F23FDA}.Debug|Any CPU.ActiveCfg = Debug|Any CPU
		{429B3793-BF02-4742-8FE7-6EC898F23FDA}.Debug|Any CPU.Build.0 = Debug|Any CPU
		{429B3793-BF02-4742-8FE7-6EC898F23FDA}.Release|Any CPU.ActiveCfg = Release|Any CPU
		{429B3793-BF02-4742-8FE7-6EC898F23FDA}.Release|Any CPU.Build.0 = Release|Any CPU
		{34CE3C61-03AB-4005-A796-8065E54007B3}.Debug|Any CPU.ActiveCfg = Debug|Any CPU
		{34CE3C61-03AB-4005-A796-8065E54007B3}.Debug|Any CPU.Build.0 = Debug|Any CPU
		{34CE3C61-03AB-4005-A796-8065E54007B3}.Release|Any CPU.ActiveCfg = Release|Any CPU
		{34CE3C61-03AB-4005-A796-8065E54007B3}.Release|Any CPU.Build.0 = Release|Any CPU
		{2C125C3B-C130-40E0-A5FE-7FF1FA068995}.Debug|Any CPU.ActiveCfg = Debug|Any CPU
		{2C125C3B-C130-40E0-A5FE-7FF1FA068995}.Debug|Any CPU.Build.0 = Debug|Any CPU
		{2C125C3B-C130-40E0-A5FE-7FF1FA068995}.Release|Any CPU.ActiveCfg = Release|Any CPU
		{2C125C3B-C130-40E0-A5FE-7FF1FA068995}.Release|Any CPU.Build.0 = Release|Any CPU
	EndGlobalSection
	GlobalSection(SolutionProperties) = preSolution
		HideSolutionNode = FALSE
	EndGlobalSection
	GlobalSection(ExtensibilityGlobals) = postSolution
		SolutionGuid = {4B565003-9D7F-4452-8AE9-199071B7BAC9}
	EndGlobalSection
EndGlobal
